DEPENDENCIES
  mongodb
    git: git://github.com/netinlet/chef-mongodb_replicaset.git
    revision: f6242b2d7e4144af0bbeb0dacc3a068fd9f18d99
    rel: mongodb
  ossec
    git: git://github.com/Gigware/public-cookbooks.git
    revision: a5afd28b5794fa073628efa280740e5bc34c0634
    rel: ossec

GRAPH
  apt (2.7.0)
  build-essential (2.2.2)
  mongodb (0.13.4)
    apt (>= 0.0.0)
    python (>= 0.0.0)
    runit (>= 0.0.0)
    yum (>= 0.0.0)
  ossec (1.0.1)
    build-essential (>= 0.0.0)
  python (1.4.6)
    build-essential (>= 0.0.0)
    yum-epel (>= 0.0.0)
  runit (1.5.18)
    build-essential (>= 0.0.0)
    yum (~> 3.0)
    yum-epel (>= 0.0.0)
  yum (3.5.3)
  yum-epel (0.6.0)
    yum (~> 3.0)
